
Microsoft Visual Studio Solution File, Format Version 12.00
# Visual Studio Version 16
VisualStudioVersion = 16.0.30114.105
MinimumVisualStudioVersion = 10.0.40219.1
Project("{9A19103F-16F7-4668-BE54-9A1E7A4F7556}") = "R5T.X0010", "R5T.X0010\R5T.X0010.csproj", "{1F56E219-644D-4B1C-A674-94214E00DCEA}"
EndProject
Project("{2150E333-8FDC-42A3-9474-1A3956D46DE8}") = "_Dependencies", "_Dependencies", "{B75FA72C-86A7-4D3B-A9E2-5C33D4D83EA1}"
EndProject
Project("{9A19103F-16F7-4668-BE54-9A1E7A4F7556}") = "R5T.F0011", "..\..\R5T.F0011\source\R5T.F0011\R5T.F0011.csproj", "{775E25FF-C0AE-4C8A-9EBA-37D153581F5C}"
EndProject
Project("{9A19103F-16F7-4668-BE54-9A1E7A4F7556}") = "R5T.L0011", "..\..\R5T.L0011\source\R5T.L0011\R5T.L0011.csproj", "{8E878477-155F-4F2E-932B-F22574664AB1}"
EndProject
Project("{9A19103F-16F7-4668-BE54-9A1E7A4F7556}") = "R5T.T0132", "..\..\R5T.T0132\source\R5T.T0132\R5T.T0132.csproj", "{B56B4649-0589-47E9-8F97-5D5A9EA130A8}"
EndProject
Project("{9A19103F-16F7-4668-BE54-9A1E7A4F7556}") = "R5T.X0005", "..\..\R5T.X0005\source\R5T.X0005\R5T.X0005.csproj", "{B6341B6F-C950-40E6-85A8-5CDFDA0114D6}"
EndProject
Project("{9A19103F-16F7-4668-BE54-9A1E7A4F7556}") = "R5T.F0003", "..\..\R5T.F0003\source\R5T.F0003\R5T.F0003.csproj", "{DE1CB99B-50EA-4855-A7D5-963E1F235899}"
EndProject
Project("{9A19103F-16F7-4668-BE54-9A1E7A4F7556}") = "R5T.X0009", "..\..\R5T.X0009\source\R5T.X0009\R5T.X0009.csproj", "{3254F8F0-4762-48A6-9ECB-70071E8FD195}"
EndProject
Project("{9A19103F-16F7-4668-BE54-9A1E7A4F7556}") = "R5T.F0004", "..\..\R5T.F0004\source\R5T.F0004\R5T.F0004.csproj", "{5AE393B6-02C4-457C-B8D0-48593AF1A3B8}"
EndProject
Global
	GlobalSection(SolutionConfigurationPlatforms) = preSolution
		Debug|Any CPU = Debug|Any CPU
		Debug|x64 = Debug|x64
		Debug|x86 = Debug|x86
		Release|Any CPU = Release|Any CPU
		Release|x64 = Release|x64
		Release|x86 = Release|x86
	EndGlobalSection
	GlobalSection(ProjectConfigurationPlatforms) = postSolution
		{1F56E219-644D-4B1C-A674-94214E00DCEA}.Debug|Any CPU.ActiveCfg = Debug|Any CPU
		{1F56E219-644D-4B1C-A674-94214E00DCEA}.Debug|Any CPU.Build.0 = Debug|Any CPU
		{1F56E219-644D-4B1C-A674-94214E00DCEA}.Debug|x64.ActiveCfg = Debug|Any CPU
		{1F56E219-644D-4B1C-A674-94214E00DCEA}.Debug|x64.Build.0 = Debug|Any CPU
		{1F56E219-644D-4B1C-A674-94214E00DCEA}.Debug|x86.ActiveCfg = Debug|Any CPU
		{1F56E219-644D-4B1C-A674-94214E00DCEA}.Debug|x86.Build.0 = Debug|Any CPU
		{1F56E219-644D-4B1C-A674-94214E00DCEA}.Release|Any CPU.ActiveCfg = Release|Any CPU
		{1F56E219-644D-4B1C-A674-94214E00DCEA}.Release|Any CPU.Build.0 = Release|Any CPU
		{1F56E219-644D-4B1C-A674-94214E00DCEA}.Release|x64.ActiveCfg = Release|Any CPU
		{1F56E219-644D-4B1C-A674-94214E00DCEA}.Release|x64.Build.0 = Release|Any CPU
		{1F56E219-644D-4B1C-A674-94214E00DCEA}.Release|x86.ActiveCfg = Release|Any CPU
		{1F56E219-644D-4B1C-A674-94214E00DCEA}.Release|x86.Build.0 = Release|Any CPU
		{775E25FF-C0AE-4C8A-9EBA-37D153581F5C}.Debug|Any CPU.ActiveCfg = Debug|Any CPU
		{775E25FF-C0AE-4C8A-9EBA-37D153581F5C}.Debug|Any CPU.Build.0 = Debug|Any CPU
		{775E25FF-C0AE-4C8A-9EBA-37D153581F5C}.Debug|x64.ActiveCfg = Debug|Any CPU
		{775E25FF-C0AE-4C8A-9EBA-37D153581F5C}.Debug|x64.Build.0 = Debug|Any CPU
		{775E25FF-C0AE-4C8A-9EBA-37D153581F5C}.Debug|x86.ActiveCfg = Debug|Any CPU
		{775E25FF-C0AE-4C8A-9EBA-37D153581F5C}.Debug|x86.Build.0 = Debug|Any CPU
		{775E25FF-C0AE-4C8A-9EBA-37D153581F5C}.Release|Any CPU.ActiveCfg = Release|Any CPU
		{775E25FF-C0AE-4C8A-9EBA-37D153581F5C}.Release|Any CPU.Build.0 = Release|Any CPU
		{775E25FF-C0AE-4C8A-9EBA-37D153581F5C}.Release|x64.ActiveCfg = Release|Any CPU
		{775E25FF-C0AE-4C8A-9EBA-37D153581F5C}.Release|x64.Build.0 = Release|Any CPU
		{775E25FF-C0AE-4C8A-9EBA-37D153581F5C}.Release|x86.ActiveCfg = Release|Any CPU
		{775E25FF-C0AE-4C8A-9EBA-37D153581F5C}.Release|x86.Build.0 = Release|Any CPU
		{8E878477-155F-4F2E-932B-F22574664AB1}.Debug|Any CPU.ActiveCfg = Debug|Any CPU
		{8E878477-155F-4F2E-932B-F22574664AB1}.Debug|Any CPU.Build.0 = Debug|Any CPU
		{8E878477-155F-4F2E-932B-F22574664AB1}.Debug|x64.ActiveCfg = Debug|Any CPU
		{8E878477-155F-4F2E-932B-F22574664AB1}.Debug|x64.Build.0 = Debug|Any CPU
		{8E878477-155F-4F2E-932B-F22574664AB1}.Debug|x86.ActiveCfg = Debug|Any CPU
		{8E878477-155F-4F2E-932B-F22574664AB1}.Debug|x86.Build.0 = Debug|Any CPU
		{8E878477-155F-4F2E-932B-F22574664AB1}.Release|Any CPU.ActiveCfg = Release|Any CPU
		{8E878477-155F-4F2E-932B-F22574664AB1}.Release|Any CPU.Build.0 = Release|Any CPU
		{8E878477-155F-4F2E-932B-F22574664AB1}.Release|x64.ActiveCfg = Release|Any CPU
		{8E878477-155F-4F2E-932B-F22574664AB1}.Release|x64.Build.0 = Release|Any CPU
		{8E878477-155F-4F2E-932B-F22574664AB1}.Release|x86.ActiveCfg = Release|Any CPU
		{8E878477-155F-4F2E-932B-F22574664AB1}.Release|x86.Build.0 = Release|Any CPU
		{B56B4649-0589-47E9-8F97-5D5A9EA130A8}.Debug|Any CPU.ActiveCfg = Debug|Any CPU
		{B56B4649-0589-47E9-8F97-5D5A9EA130A8}.Debug|Any CPU.Build.0 = Debug|Any CPU
		{B56B4649-0589-47E9-8F97-5D5A9EA130A8}.Debug|x64.ActiveCfg = Debug|Any CPU
		{B56B4649-0589-47E9-8F97-5D5A9EA130A8}.Debug|x64.Build.0 = Debug|Any CPU
		{B56B4649-0589-47E9-8F97-5D5A9EA130A8}.Debug|x86.ActiveCfg = Debug|Any CPU
		{B56B4649-0589-47E9-8F97-5D5A9EA130A8}.Debug|x86.Build.0 = Debug|Any CPU
		{B56B4649-0589-47E9-8F97-5D5A9EA130A8}.Release|Any CPU.ActiveCfg = Release|Any CPU
		{B56B4649-0589-47E9-8F97-5D5A9EA130A8}.Release|Any CPU.Build.0 = Release|Any CPU
		{B56B4649-0589-47E9-8F97-5D5A9EA130A8}.Release|x64.ActiveCfg = Release|Any CPU
		{B56B4649-0589-47E9-8F97-5D5A9EA130A8}.Release|x64.Build.0 = Release|Any CPU
		{B56B4649-0589-47E9-8F97-5D5A9EA130A8}.Release|x86.ActiveCfg = Release|Any CPU
		{B56B4649-0589-47E9-8F97-5D5A9EA130A8}.Release|x86.Build.0 = Release|Any CPU
		{B6341B6F-C950-40E6-85A8-5CDFDA0114D6}.Debug|Any CPU.ActiveCfg = Debug|Any CPU
		{B6341B6F-C950-40E6-85A8-5CDFDA0114D6}.Debug|Any CPU.Build.0 = Debug|Any CPU
		{B6341B6F-C950-40E6-85A8-5CDFDA0114D6}.Debug|x64.ActiveCfg = Debug|Any CPU
		{B6341B6F-C950-40E6-85A8-5CDFDA0114D6}.Debug|x64.Build.0 = Debug|Any CPU
		{B6341B6F-C950-40E6-85A8-5CDFDA0114D6}.Debug|x86.ActiveCfg = Debug|Any CPU
		{B6341B6F-C950-40E6-85A8-5CDFDA0114D6}.Debug|x86.Build.0 = Debug|Any CPU
		{B6341B6F-C950-40E6-85A8-5CDFDA0114D6}.Release|Any CPU.ActiveCfg = Release|Any CPU
		{B6341B6F-C950-40E6-85A8-5CDFDA0114D6}.Release|Any CPU.Build.0 = Release|Any CPU
		{B6341B6F-C950-40E6-85A8-5CDFDA0114D6}.Release|x64.ActiveCfg = Release|Any CPU
		{B6341B6F-C950-40E6-85A8-5CDFDA0114D6}.Release|x64.Build.0 = Release|Any CPU
		{B6341B6F-C950-40E6-85A8-5CDFDA0114D6}.Release|x86.ActiveCfg = Release|Any CPU
		{B6341B6F-C950-40E6-85A8-5CDFDA0114D6}.Release|x86.Build.0 = Release|Any CPU
		{DE1CB99B-50EA-4855-A7D5-963E1F235899}.Debug|Any CPU.ActiveCfg = Debug|Any CPU
		{DE1CB99B-50EA-4855-A7D5-963E1F235899}.Debug|Any CPU.Build.0 = Debug|Any CPU
		{DE1CB99B-50EA-4855-A7D5-963E1F235899}.Debug|x64.ActiveCfg = Debug|Any CPU
		{DE1CB99B-50EA-4855-A7D5-963E1F235899}.Debug|x64.Build.0 = Debug|Any CPU
		{DE1CB99B-50EA-4855-A7D5-963E1F235899}.Debug|x86.ActiveCfg = Debug|Any CPU
		{DE1CB99B-50EA-4855-A7D5-963E1F235899}.Debug|x86.Build.0 = Debug|Any CPU
		{DE1CB99B-50EA-4855-A7D5-963E1F235899}.Release|Any CPU.ActiveCfg = Release|Any CPU
		{DE1CB99B-50EA-4855-A7D5-963E1F235899}.Release|Any CPU.Build.0 = Release|Any CPU
		{DE1CB99B-50EA-4855-A7D5-963E1F235899}.Release|x64.ActiveCfg = Release|Any CPU
		{DE1CB99B-50EA-4855-A7D5-963E1F235899}.Release|x64.Build.0 = Release|Any CPU
		{DE1CB99B-50EA-4855-A7D5-963E1F235899}.Release|x86.ActiveCfg = Release|Any CPU
		{DE1CB99B-50EA-4855-A7D5-963E1F235899}.Release|x86.Build.0 = Release|Any CPU
		{3254F8F0-4762-48A6-9ECB-70071E8FD195}.Debug|Any CPU.ActiveCfg = Debug|Any CPU
		{3254F8F0-4762-48A6-9ECB-70071E8FD195}.Debug|Any CPU.Build.0 = Debug|Any CPU
		{3254F8F0-4762-48A6-9ECB-70071E8FD195}.Debug|x64.ActiveCfg = Debug|Any CPU
		{3254F8F0-4762-48A6-9ECB-70071E8FD195}.Debug|x64.Build.0 = Debug|Any CPU
		{3254F8F0-4762-48A6-9ECB-70071E8FD195}.Debug|x86.ActiveCfg = Debug|Any CPU
		{3254F8F0-4762-48A6-9ECB-70071E8FD195}.Debug|x86.Build.0 = Debug|Any CPU
		{3254F8F0-4762-48A6-9ECB-70071E8FD195}.Release|Any CPU.ActiveCfg = Release|Any CPU
		{3254F8F0-4762-48A6-9ECB-70071E8FD195}.Release|Any CPU.Build.0 = Release|Any CPU
		{3254F8F0-4762-48A6-9ECB-70071E8FD195}.Release|x64.ActiveCfg = Release|Any CPU
		{3254F8F0-4762-48A6-9ECB-70071E8FD195}.Release|x64.Build.0 = Release|Any CPU
		{3254F8F0-4762-48A6-9ECB-70071E8FD195}.Release|x86.ActiveCfg = Release|Any CPU
		{3254F8F0-4762-48A6-9ECB-70071E8FD195}.Release|x86.Build.0 = Release|Any CPU
		{5AE393B6-02C4-457C-B8D0-48593AF1A3B8}.Debug|Any CPU.ActiveCfg = Debug|Any CPU
		{5AE393B6-02C4-457C-B8D0-48593AF1A3B8}.Debug|Any CPU.Build.0 = Debug|Any CPU
		{5AE393B6-02C4-457C-B8D0-48593AF1A3B8}.Debug|x64.ActiveCfg = Debug|Any CPU
		{5AE393B6-02C4-457C-B8D0-48593AF1A3B8}.Debug|x64.Build.0 = Debug|Any CPU
		{5AE393B6-02C4-457C-B8D0-48593AF1A3B8}.Debug|x86.ActiveCfg = Debug|Any CPU
		{5AE393B6-02C4-457C-B8D0-48593AF1A3B8}.Debug|x86.Build.0 = Debug|Any CPU
		{5AE393B6-02C4-457C-B8D0-48593AF1A3B8}.Release|Any CPU.ActiveCfg = Release|Any CPU
		{5AE393B6-02C4-457C-B8D0-48593AF1A3B8}.Release|Any CPU.Build.0 = Release|Any CPU
		{5AE393B6-02C4-457C-B8D0-48593AF1A3B8}.Release|x64.ActiveCfg = Release|Any CPU
		{5AE393B6-02C4-457C-B8D0-48593AF1A3B8}.Release|x64.Build.0 = Release|Any CPU
		{5AE393B6-02C4-457C-B8D0-48593AF1A3B8}.Release|x86.ActiveCfg = Release|Any CPU
		{5AE393B6-02C4-457C-B8D0-48593AF1A3B8}.Release|x86.Build.0 = Release|Any CPU
	EndGlobalSection
	GlobalSection(SolutionProperties) = preSolution
		HideSolutionNode = FALSE
	EndGlobalSection
	GlobalSection(NestedProjects) = preSolution
		{775E25FF-C0AE-4C8A-9EBA-37D153581F5C} = {B75FA72C-86A7-4D3B-A9E2-5C33D4D83EA1}
		{8E878477-155F-4F2E-932B-F22574664AB1} = {B75FA72C-86A7-4D3B-A9E2-5C33D4D83EA1}
		{B56B4649-0589-47E9-8F97-5D5A9EA130A8} = {B75FA72C-86A7-4D3B-A9E2-5C33D4D83EA1}
		{B6341B6F-C950-40E6-85A8-5CDFDA0114D6} = {B75FA72C-86A7-4D3B-A9E2-5C33D4D83EA1}
		{DE1CB99B-50EA-4855-A7D5-963E1F235899} = {B75FA72C-86A7-4D3B-A9E2-5C33D4D83EA1}
		{3254F8F0-4762-48A6-9ECB-70071E8FD195} = {B75FA72C-86A7-4D3B-A9E2-5C33D4D83EA1}
		{5AE393B6-02C4-457C-B8D0-48593AF1A3B8} = {B75FA72C-86A7-4D3B-A9E2-5C33D4D83EA1}
	EndGlobalSection
	GlobalSection(ExtensibilityGlobals) = postSolution
		SolutionGuid = {947674BF-E611-4655-BD66-0DAA6815FD67}
	EndGlobalSection
EndGlobal
